
Microsoft Visual Studio Solution File, Format Version 12.00
# Visual Studio Version 17
VisualStudioVersion = 17.8.34330.188
MinimumVisualStudioVersion = 10.0.40219.1
Project("{FAE04EC0-301F-11D3-BF4B-00C04F79EFBC}") = "TextWithExFun", "TextWithExFun\TextWithExFun.csproj", "{1B8C011B-D29D-4CA5-9AAD-3FB8EEF46D60}"
EndProject
Global
	GlobalSection(SolutionConfigurationPlatforms) = preSolution
		Debug|Any CPU = Debug|Any CPU
		Release|Any CPU = Release|Any CPU
	EndGlobalSection
	GlobalSection(ProjectConfigurationPlatforms) = postSolution
		{1B8C011B-D29D-4CA5-9AAD-3FB8EEF46D60}.Debug|Any CPU.ActiveCfg = Debug|Any CPU
		{1B8C011B-D29D-4CA5-9AAD-3FB8EEF46D60}.Debug|Any CPU.Build.0 = Debug|Any CPU
		{1B8C011B-D29D-4CA5-9AAD-3FB8EEF46D60}.Release|Any CPU.ActiveCfg = Release|Any CPU
		{1B8C011B-D29D-4CA5-9AAD-3FB8EEF46D60}.Release|Any CPU.Build.0 = Release|Any CPU
	EndGlobalSection
	GlobalSection(SolutionProperties) = preSolution
		HideSolutionNode = FALSE
	EndGlobalSection
	GlobalSection(ExtensibilityGlobals) = postSolution
		SolutionGuid = {7D895893-9B92-4797-BBF0-E2E62C835605}
	EndGlobalSection
EndGlobal
